{
    "_meta": {
        "hash": {
            "sha256": "0dcc7c9f7ab659f060b07a942570248efcb41ac6a20f6ebc6507925e44726183"
        },
        "pipfile-spec": 6,
        "requires": {
            "python_version": "3.13.3"
        },
        "sources": [
            {
                "name": "pypi",
                "url": "https://pypi.org/simple",
                "verify_ssl": true
            }
        ]
    },
    "default": {},
    "develop": {}
}
